{
  "object": {
    "pins": [
      {
        "package": "Kanna",
        "repositoryURL": "https://github.com/shamanskyh/Kanna.git",
        "state": {
          "branch": null,
          "revision": "fb9228b8ac4445b1d6fa9e721b618a3b05cc5cc6",
          "version": null
        }
      }
    ]
  },
  "version": 1
}
